<?xml version="1.0" encoding="utf-8"?>
<Project ToolsVersion="4.0" xmlns="http://schemas.microsoft.com/developer/msbuild/2003">
  <ItemGroup>
    <Filter Include="Source Files">
      <UniqueIdentifier>{4FC737F1-C7A5-4376-A066-2A32D752A2FF}</UniqueIdentifier>
      <Extensions>cpp;c;cc;cxx;def;odl;idl;hpj;bat;asm;asmx</Extensions>
    </Filter>
    <Filter Include="Header Files">
      <UniqueIdentifier>{93995380-89BD-4b04-88EB-625FBE52EBFB}</UniqueIdentifier>
      <Extensions>h;hh;hpp;hxx;hm;inl;inc;ipp;xsd</Extensions>
    </Filter>
    <Filter Include="Resource Files">
      <UniqueIdentifier>{67DA6AB6-F800-4c08-8B7A-83BB121AAD01}</UniqueIdentifier>
      <Extensions>rc;ico;cur;bmp;dlg;rc2;rct;bin;rgs;gif;jpg;jpeg;jpe;resx;tiff;tif;png;wav;mfcribbon-ms</Extensions>
    </Filter>
  </ItemGroup>
  <ItemGroup>
    <ClCompile Include="src\main.cpp">
      <Filter>Source Files</Filter>
    </ClCompile>
    <ClCompile Include="src\level\game.cpp">
      <Filter>Source Files</Filter>
    </ClCompile>
    <ClCompile Include="src\misc\input.cpp">
      <Filter>Source Files</Filter>
    </ClCompile>
    <ClCompile Include="src\level\entity\piece.cpp">
      <Filter>Source Files</Filter>
    </ClCompile>
  </ItemGroup>
  <ItemGroup>
    <ClInclude Include="src\level\game.h">
      <Filter>Header Files</Filter>
    </ClInclude>
    <ClInclude Include="src\misc\input.h">
      <Filter>Header Files</Filter>
    </ClInclude>
    <ClInclude Include="src\level\entity\piece.h">
      <Filter>Header Files</Filter>
    </ClInclude>
    <ClInclude Include="src\misc\timer.h">
      <Filter>Header Files</Filter>
    </ClInclude>
    <ClInclude Include="src\misc\vec2.h">
      <Filter>Header Files</Filter>
    </ClInclude>
  </ItemGroup>
  <ItemGroup>
    <Image Include="res\tb.png">
      <Filter>Resource Files</Filter>
    </Image>
    <Image Include="res\tc.png">
      <Filter>Resource Files</Filter>
    </Image>
    <Image Include="res\test.png">
      <Filter>Resource Files</Filter>
    </Image>
    <Image Include="res\tb.bmp">
      <Filter>Resource Files</Filter>
    </Image>
    <Image Include="res\tc.bmp">
      <Filter>Resource Files</Filter>
    </Image>
    <Image Include="res\test.bmp">
      <Filter>Resource Files</Filter>
    </Image>
  </ItemGroup>
  <ItemGroup>
    <Font Include="res\monofonto.ttf" />
  </ItemGroup>
</Project>